{
  "version": 4,
  "terraform_version": "1.14.9",
  "serial": 3,
  "lineage": "32352b22-785f-fd80-f779-3176a2f0fc58",
  "outputs": {
    "ecr_repository_url": {
      "value": "654654281242.dkr.ecr.us-east-1.amazonaws.com/minecraft_ecr",
      "type": "string"
    },
    "mc_server_public_ip": {
      "value": "98.93.106.93",
      "type": "string"
    }
  },
  "resources": [
    {
      "mode": "data",
      "type": "aws_security_group",
      "name": "mc_sg",
      "provider": "provider[\"registry.terraform.io/hashicorp/aws\"]",
      "instances": [
        {
          "schema_version": 0,
          "attributes": {
            "arn": "arn:aws:ec2:us-east-1:654654281242:security-group/sg-01e8b4769d07fab51",
            "description": "minecraft-sg for manual-minecraft-server EC2 instance",
            "filter": null,
            "id": "sg-01e8b4769d07fab51",
            "name": "minecraft-sg",
            "region": "us-east-1",
            "tags": {},
            "timeouts": null,
            "vpc_id": "vpc-024aa606947bf3333"
          },
          "sensitive_attributes": [],
          "identity_schema_version": 0
        }
      ]
    },
    {
      "mode": "data",
      "type": "aws_vpc",
      "name": "mc_vpc",
      "provider": "provider[\"registry.terraform.io/hashicorp/aws\"]",
      "instances": [
        {
          "schema_version": 0,
          "attributes": {
            "arn": "arn:aws:ec2:us-east-1:654654281242:vpc/vpc-024aa606947bf3333",
            "cidr_block": "172.31.0.0/16",
            "cidr_block_associations": [
              {
                "association_id": "vpc-cidr-assoc-0c63cb54222fb2936",
                "cidr_block": "172.31.0.0/16",
                "state": "associated"
              }
            ],
            "default": true,
            "dhcp_options_id": "dopt-04efc26cefa6a1056",
            "enable_dns_hostnames": true,
            "enable_dns_support": true,
            "enable_network_address_usage_metrics": false,
            "filter": null,
            "id": "vpc-024aa606947bf3333",
            "instance_tenancy": "default",
            "ipv6_association_id": "",
            "ipv6_cidr_block": "",
            "main_route_table_id": "rtb-07e898e7431aebe46",
            "owner_id": "654654281242",
            "region": "us-east-1",
            "state": null,
            "tags": {},
            "timeouts": null
          },
          "sensitive_attributes": [],
          "identity_schema_version": 0
        }
      ]
    },
    {
      "mode": "managed",
      "type": "aws_ecr_repository",
      "name": "mc_ecr",
      "provider": "provider[\"registry.terraform.io/hashicorp/aws\"]",
      "instances": [
        {
          "schema_version": 0,
          "attributes": {
            "arn": "arn:aws:ecr:us-east-1:654654281242:repository/minecraft_ecr",
            "encryption_configuration": [
              {
                "encryption_type": "AES256",
                "kms_key": ""
              }
            ],
            "force_delete": null,
            "id": "minecraft_ecr",
            "image_scanning_configuration": [
              {
                "scan_on_push": false
              }
            ],
            "image_tag_mutability": "MUTABLE",
            "image_tag_mutability_exclusion_filter": [],
            "name": "minecraft_ecr",
            "region": "us-east-1",
            "registry_id": "654654281242",
            "repository_url": "654654281242.dkr.ecr.us-east-1.amazonaws.com/minecraft_ecr",
            "tags": null,
            "tags_all": {},
            "timeouts": null
          },
          "sensitive_attributes": [],
          "identity_schema_version": 0,
          "identity": {
            "account_id": "654654281242",
            "name": "minecraft_ecr",
            "region": "us-east-1"
          },
          "private": "eyJlMmJmYjczMC1lY2FhLTExZTYtOGY4OC0zNDM2M2JjN2M0YzAiOnsiZGVsZXRlIjoxMjAwMDAwMDAwMDAwfX0="
        }
      ]
    },
    {
      "mode": "managed",
      "type": "aws_instance",
      "name": "mc_server",
      "provider": "provider[\"registry.terraform.io/hashicorp/aws\"]",
      "instances": [
        {
          "schema_version": 2,
          "attributes": {
            "ami": "ami-0ec10929233384c7f",
            "arn": "arn:aws:ec2:us-east-1:654654281242:instance/i-09127071f4235cfbf",
            "associate_public_ip_address": true,
            "availability_zone": "us-east-1b",
            "capacity_reservation_specification": [
              {
                "capacity_reservation_preference": "open",
                "capacity_reservation_target": []
              }
            ],
            "cpu_options": [
              {
                "amd_sev_snp": "",
                "core_count": 1,
                "nested_virtualization": "",
                "threads_per_core": 2
              }
            ],
            "credit_specification": [
              {
                "cpu_credits": "unlimited"
              }
            ],
            "disable_api_stop": false,
            "disable_api_termination": false,
            "ebs_block_device": [],
            "ebs_optimized": false,
            "enable_primary_ipv6": null,
            "enclave_options": [
              {
                "enabled": false
              }
            ],
            "ephemeral_block_device": [],
            "force_destroy": false,
            "get_password_data": false,
            "hibernation": false,
            "host_id": "",
            "host_resource_group_arn": null,
            "iam_instance_profile": "LabInstanceProfile",
            "id": "i-09127071f4235cfbf",
            "instance_initiated_shutdown_behavior": "stop",
            "instance_lifecycle": "",
            "instance_market_options": [],
            "instance_state": "running",
            "instance_type": "t3a.medium",
            "ipv6_address_count": 0,
            "ipv6_addresses": [],
            "key_name": "minecraft-key",
            "launch_template": [],
            "maintenance_options": [
              {
                "auto_recovery": "default"
              }
            ],
            "metadata_options": [
              {
                "http_endpoint": "enabled",
                "http_protocol_ipv6": "disabled",
                "http_put_response_hop_limit": 2,
                "http_tokens": "required",
                "instance_metadata_tags": "disabled"
              }
            ],
            "monitoring": false,
            "network_interface": [],
            "outpost_arn": "",
            "password_data": "",
            "placement_group": "",
            "placement_group_id": "",
            "placement_partition_number": 0,
            "primary_network_interface": [
              {
                "delete_on_termination": true,
                "network_interface_id": "eni-068db9b1c074c7543"
              }
            ],
            "primary_network_interface_id": "eni-068db9b1c074c7543",
            "private_dns": "ip-172-31-34-82.ec2.internal",
            "private_dns_name_options": [
              {
                "enable_resource_name_dns_a_record": false,
                "enable_resource_name_dns_aaaa_record": false,
                "hostname_type": "ip-name"
              }
            ],
            "private_ip": "172.31.34.82",
            "public_dns": "ec2-98-93-106-93.compute-1.amazonaws.com",
            "public_ip": "98.93.106.93",
            "region": "us-east-1",
            "root_block_device": [
              {
                "delete_on_termination": true,
                "device_name": "/dev/sda1",
                "encrypted": false,
                "iops": 3000,
                "kms_key_id": "",
                "tags": {},
                "tags_all": {},
                "throughput": 125,
                "volume_id": "vol-02917aec714009eb4",
                "volume_size": 8,
                "volume_type": "gp3"
              }
            ],
            "secondary_network_interface": [],
            "secondary_private_ips": [],
            "security_groups": [
              "minecraft-sg"
            ],
            "source_dest_check": true,
            "spot_instance_request_id": "",
            "subnet_id": "subnet-002cbeeeb594836e0",
            "tags": {
              "Name": "CS312-Ops-3-Minecraft-Server"
            },
            "tags_all": {
              "Name": "CS312-Ops-3-Minecraft-Server"
            },
            "tenancy": "default",
            "timeouts": null,
            "user_data": null,
            "user_data_base64": null,
            "user_data_replace_on_change": false,
            "volume_tags": null,
            "vpc_security_group_ids": [
              "sg-01e8b4769d07fab51"
            ]
          },
          "sensitive_attributes": [],
          "identity_schema_version": 0,
          "identity": {
            "account_id": "654654281242",
            "id": "i-09127071f4235cfbf",
            "region": "us-east-1"
          },
          "private": "eyJlMmJmYjczMC1lY2FhLTExZTYtOGY4OC0zNDM2M2JjN2M0YzAiOnsiY3JlYXRlIjo2MDAwMDAwMDAwMDAsImRlbGV0ZSI6MTIwMDAwMDAwMDAwMCwicmVhZCI6OTAwMDAwMDAwMDAwLCJ1cGRhdGUiOjYwMDAwMDAwMDAwMH0sInNjaGVtYV92ZXJzaW9uIjoiMiJ9",
          "dependencies": [
            "data.aws_security_group.mc_sg"
          ]
        }
      ]
    }
  ],
  "check_results": null
}
